
Microsoft Visual Studio Solution File, Format Version 12.00
# Visual Studio Version 17
VisualStudioVersion = 17.5.002.0
MinimumVisualStudioVersion = 10.0.40219.1
Project("{9A19103F-16F7-4668-BE54-9A1E7A4F7556}") = "Job-Portal-Project", "Job-Portal-Project.csproj", "{63855574-12C9-4AE0-A45B-34DF464057DC}"
EndProject
Global
	GlobalSection(SolutionConfigurationPlatforms) = preSolution
		Debug|Any CPU = Debug|Any CPU
		Release|Any CPU = Release|Any CPU
	EndGlobalSection
	GlobalSection(ProjectConfigurationPlatforms) = postSolution
		{63855574-12C9-4AE0-A45B-34DF464057DC}.Debug|Any CPU.ActiveCfg = Debug|Any CPU
		{63855574-12C9-4AE0-A45B-34DF464057DC}.Debug|Any CPU.Build.0 = Debug|Any CPU
		{63855574-12C9-4AE0-A45B-34DF464057DC}.Release|Any CPU.ActiveCfg = Release|Any CPU
		{63855574-12C9-4AE0-A45B-34DF464057DC}.Release|Any CPU.Build.0 = Release|Any CPU
	EndGlobalSection
	GlobalSection(SolutionProperties) = preSolution
		HideSolutionNode = FALSE
	EndGlobalSection
	GlobalSection(ExtensibilityGlobals) = postSolution
		SolutionGuid = {DDF040FC-EB74-473F-A948-6D48F2CA72D7}
	EndGlobalSection
EndGlobal
